
Microsoft Visual Studio Solution File, Format Version 12.00
# Visual Studio Version 17
VisualStudioVersion = 17.4.33122.133
MinimumVisualStudioVersion = 10.0.40219.1
Project("{FAE04EC0-301F-11D3-BF4B-00C04F79EFBC}") = "SuperHeroDotNetSevenApi", "SuperHeroDotNetSevenApi\SuperHeroDotNetSevenApi.csproj", "{72210193-2D77-4405-AFD8-E0B9AA501DCC}"
EndProject
Global
	GlobalSection(SolutionConfigurationPlatforms) = preSolution
		Debug|Any CPU = Debug|Any CPU
		Release|Any CPU = Release|Any CPU
	EndGlobalSection
	GlobalSection(ProjectConfigurationPlatforms) = postSolution
		{72210193-2D77-4405-AFD8-E0B9AA501DCC}.Debug|Any CPU.ActiveCfg = Debug|Any CPU
		{72210193-2D77-4405-AFD8-E0B9AA501DCC}.Debug|Any CPU.Build.0 = Debug|Any CPU
		{72210193-2D77-4405-AFD8-E0B9AA501DCC}.Release|Any CPU.ActiveCfg = Release|Any CPU
		{72210193-2D77-4405-AFD8-E0B9AA501DCC}.Release|Any CPU.Build.0 = Release|Any CPU
	EndGlobalSection
	GlobalSection(SolutionProperties) = preSolution
		HideSolutionNode = FALSE
	EndGlobalSection
	GlobalSection(ExtensibilityGlobals) = postSolution
		SolutionGuid = {E5B7365F-BC24-4A8A-8066-DF377CE9CED6}
	EndGlobalSection
EndGlobal
